title: Get-ForestTrust with PowerShell Script Block
id: 70fac80e-0bf1-11ec-9ba0-acde48001122
status: stable
level: medium
author: Michael Haag, Splunk
description: The following analytic detects the execution of the Get-ForestTrust command from PowerSploit using PowerShell Script Block Logging (EventCode=4104). This method captures the full command sent
  to PowerShell, providing detailed visibility into potentially suspicious activities. Monitoring this behavior is crucial as it can indicate an attempt to gather domain trust information, which is often
  a precursor to lateral movement or privilege escalation. If confirmed malicious, this activity could allow an attacker to map trust relationships within the domain, facilitating further exploitation and
  access to sensitive resources.
references:
- https://powersploit.readthedocs.io/en/latest/Recon/Get-ForestTrust/
- https://www.splunk.com/en_us/blog/security/hunting-for-malicious-powershell-using-script-block-logging.html
tags:
- attack.T1482
- attack.T1059_001
date: '2021-09-02'
logsource:
  product: windows
  service: powershell
detection:
  selection_0:
    EventID: 4104
  selection_1:
    ScriptBlockText|contains: '*get-foresttrust*'
  condition: selection_0 and selection_1
